
Microsoft Visual Studio Solution File, Format Version 12.00
# Visual Studio Version 17
VisualStudioVersion = 17.9.34728.123
MinimumVisualStudioVersion = 10.0.40219.1
Project("{FAE04EC0-301F-11D3-BF4B-00C04F79EFBC}") = "MultiThreadedMergeSort", "MultiThreadedMergeSort.csproj", "{7765EEBF-E704-432F-A027-FA9EBED5BE42}"
EndProject
Global
	GlobalSection(SolutionConfigurationPlatforms) = preSolution
		Debug|Any CPU = Debug|Any CPU
		Release|Any CPU = Release|Any CPU
	EndGlobalSection
	GlobalSection(ProjectConfigurationPlatforms) = postSolution
		{7765EEBF-E704-432F-A027-FA9EBED5BE42}.Debug|Any CPU.ActiveCfg = Debug|Any CPU
		{7765EEBF-E704-432F-A027-FA9EBED5BE42}.Debug|Any CPU.Build.0 = Debug|Any CPU
		{7765EEBF-E704-432F-A027-FA9EBED5BE42}.Release|Any CPU.ActiveCfg = Release|Any CPU
		{7765EEBF-E704-432F-A027-FA9EBED5BE42}.Release|Any CPU.Build.0 = Release|Any CPU
	EndGlobalSection
	GlobalSection(SolutionProperties) = preSolution
		HideSolutionNode = FALSE
	EndGlobalSection
	GlobalSection(ExtensibilityGlobals) = postSolution
		SolutionGuid = {8FA5F3D3-13FD-47A6-AFC3-6079CE1BDB26}
	EndGlobalSection
EndGlobal
