
Microsoft Visual Studio Solution File, Format Version 12.00
# Visual Studio Version 17
VisualStudioVersion = 17.9.34728.123
MinimumVisualStudioVersion = 10.0.40219.1
Project("{FAE04EC0-301F-11D3-BF4B-00C04F79EFBC}") = "Promise", "Promise.csproj", "{57CBA310-DE0A-4A9B-8028-DB2CE0FA288F}"
EndProject
Global
	GlobalSection(SolutionConfigurationPlatforms) = preSolution
		Debug|Any CPU = Debug|Any CPU
		Release|Any CPU = Release|Any CPU
	EndGlobalSection
	GlobalSection(ProjectConfigurationPlatforms) = postSolution
		{57CBA310-DE0A-4A9B-8028-DB2CE0FA288F}.Debug|Any CPU.ActiveCfg = Debug|Any CPU
		{57CBA310-DE0A-4A9B-8028-DB2CE0FA288F}.Debug|Any CPU.Build.0 = Debug|Any CPU
		{57CBA310-DE0A-4A9B-8028-DB2CE0FA288F}.Release|Any CPU.ActiveCfg = Release|Any CPU
		{57CBA310-DE0A-4A9B-8028-DB2CE0FA288F}.Release|Any CPU.Build.0 = Release|Any CPU
	EndGlobalSection
	GlobalSection(SolutionProperties) = preSolution
		HideSolutionNode = FALSE
	EndGlobalSection
	GlobalSection(ExtensibilityGlobals) = postSolution
		SolutionGuid = {6354BEBA-4004-4391-BD05-E94EDA47977B}
	EndGlobalSection
EndGlobal
