
Microsoft Visual Studio Solution File, Format Version 12.00
# Visual Studio Version 17
VisualStudioVersion = 17.9.34728.123
MinimumVisualStudioVersion = 10.0.40219.1
Project("{FAE04EC0-301F-11D3-BF4B-00C04F79EFBC}") = "SharingBathroom", "SharingBathroom.csproj", "{7B6B6AF4-DA16-48AB-913F-CB0A8DD81189}"
EndProject
Global
	GlobalSection(SolutionConfigurationPlatforms) = preSolution
		Debug|Any CPU = Debug|Any CPU
		Release|Any CPU = Release|Any CPU
	EndGlobalSection
	GlobalSection(ProjectConfigurationPlatforms) = postSolution
		{7B6B6AF4-DA16-48AB-913F-CB0A8DD81189}.Debug|Any CPU.ActiveCfg = Debug|Any CPU
		{7B6B6AF4-DA16-48AB-913F-CB0A8DD81189}.Debug|Any CPU.Build.0 = Debug|Any CPU
		{7B6B6AF4-DA16-48AB-913F-CB0A8DD81189}.Release|Any CPU.ActiveCfg = Release|Any CPU
		{7B6B6AF4-DA16-48AB-913F-CB0A8DD81189}.Release|Any CPU.Build.0 = Release|Any CPU
	EndGlobalSection
	GlobalSection(SolutionProperties) = preSolution
		HideSolutionNode = FALSE
	EndGlobalSection
	GlobalSection(ExtensibilityGlobals) = postSolution
		SolutionGuid = {4F1B9BAE-6D91-427C-914C-6AD7A9E84D30}
	EndGlobalSection
EndGlobal
